
Microsoft Visual Studio Solution File, Format Version 12.00
# Visual Studio Version 17
VisualStudioVersion = 17.14.36616.10 d17.14
MinimumVisualStudioVersion = 10.0.40219.1
Project("{FAE04EC0-301F-11D3-BF4B-00C04F79EFBC}") = "TaskManagementService", "TaskManagementService\TaskManagementService.csproj", "{A78BF82E-15C2-462D-8E79-9B661551DEFE}"
EndProject
Project("{FAE04EC0-301F-11D3-BF4B-00C04F79EFBC}") = "TaskManagementService.Tests", "TaskManagementService.Tests\TaskManagementService.Tests.csproj", "{B2898C35-1FF5-4981-AACD-ECF977560200}"
EndProject
Global
	GlobalSection(SolutionConfigurationPlatforms) = preSolution
		Debug|Any CPU = Debug|Any CPU
		Release|Any CPU = Release|Any CPU
	EndGlobalSection
	GlobalSection(ProjectConfigurationPlatforms) = postSolution
		{A78BF82E-15C2-462D-8E79-9B661551DEFE}.Debug|Any CPU.ActiveCfg = Debug|Any CPU
		{A78BF82E-15C2-462D-8E79-9B661551DEFE}.Debug|Any CPU.Build.0 = Debug|Any CPU
		{A78BF82E-15C2-462D-8E79-9B661551DEFE}.Release|Any CPU.ActiveCfg = Release|Any CPU
		{A78BF82E-15C2-462D-8E79-9B661551DEFE}.Release|Any CPU.Build.0 = Release|Any CPU
		{B2898C35-1FF5-4981-AACD-ECF977560200}.Debug|Any CPU.ActiveCfg = Debug|Any CPU
		{B2898C35-1FF5-4981-AACD-ECF977560200}.Debug|Any CPU.Build.0 = Debug|Any CPU
		{B2898C35-1FF5-4981-AACD-ECF977560200}.Release|Any CPU.ActiveCfg = Release|Any CPU
		{B2898C35-1FF5-4981-AACD-ECF977560200}.Release|Any CPU.Build.0 = Release|Any CPU
	EndGlobalSection
	GlobalSection(SolutionProperties) = preSolution
		HideSolutionNode = FALSE
	EndGlobalSection
	GlobalSection(ExtensibilityGlobals) = postSolution
		SolutionGuid = {314C3AA1-A670-4CD6-A7B2-E86EDCC7BD82}
	EndGlobalSection
EndGlobal
